
Microsoft Visual Studio Solution File, Format Version 12.00
# Visual Studio 15
Project("{FAE04EC0-301F-11D3-BF4B-00C04F79EFBC}") = "Unity_Demo_TwoHandleSwitch", "Unity_Demo_TwoHandleSwitch.csproj", "{499B0DBE-9E2E-13A0-D929-1037135AF0D0}"
EndProject
Project("{FAE04EC0-301F-11D3-BF4B-00C04F79EFBC}") = "Unity_Demo_TwoHandleSwitch.Editor", "Unity_Demo_TwoHandleSwitch.Editor.csproj", "{7F3F2DB2-9803-D7F6-9340-83F80C16977C}"
EndProject
Global
	GlobalSection(SolutionConfigurationPlatforms) = preSolution
		Debug|Any CPU = Debug|Any CPU
		Release|Any CPU = Release|Any CPU
	EndGlobalSection
	GlobalSection(ProjectConfigurationPlatforms) = postSolution
		{499B0DBE-9E2E-13A0-D929-1037135AF0D0}.Debug|Any CPU.ActiveCfg = Debug|Any CPU
		{499B0DBE-9E2E-13A0-D929-1037135AF0D0}.Debug|Any CPU.Build.0 = Debug|Any CPU
		{499B0DBE-9E2E-13A0-D929-1037135AF0D0}.Release|Any CPU.ActiveCfg = Release|Any CPU
		{499B0DBE-9E2E-13A0-D929-1037135AF0D0}.Release|Any CPU.Build.0 = Release|Any CPU
		{7F3F2DB2-9803-D7F6-9340-83F80C16977C}.Debug|Any CPU.ActiveCfg = Debug|Any CPU
		{7F3F2DB2-9803-D7F6-9340-83F80C16977C}.Debug|Any CPU.Build.0 = Debug|Any CPU
		{7F3F2DB2-9803-D7F6-9340-83F80C16977C}.Release|Any CPU.ActiveCfg = Release|Any CPU
		{7F3F2DB2-9803-D7F6-9340-83F80C16977C}.Release|Any CPU.Build.0 = Release|Any CPU
	EndGlobalSection
	GlobalSection(SolutionProperties) = preSolution
		HideSolutionNode = FALSE
	EndGlobalSection
EndGlobal
